<?xml version="1.0" encoding="utf-8"?>
<Project ToolsVersion="4.0" xmlns="http://schemas.microsoft.com/developer/msbuild/2003">
  <ItemGroup>
    <Filter Include="Source Files">
      <UniqueIdentifier>{4FC737F1-C7A5-4376-A066-2A32D752A2FF}</UniqueIdentifier>
      <Extensions>cpp;c;cc;cxx;def;odl;idl;hpj;bat;asm;asmx</Extensions>
    </Filter>
    <Filter Include="Header Files">
      <UniqueIdentifier>{93995380-89BD-4b04-88EB-625FBE52EBFB}</UniqueIdentifier>
      <Extensions>h;hh;hpp;hxx;hm;inl;inc;ipp;xsd</Extensions>
    </Filter>
    <Filter Include="Resource Files">
      <UniqueIdentifier>{67DA6AB6-F800-4c08-8B7A-83BB121AAD01}</UniqueIdentifier>
      <Extensions>rc;ico;cur;bmp;dlg;rc2;rct;bin;rgs;gif;jpg;jpeg;jpe;resx;tiff;tif;png;wav;mfcribbon-ms</Extensions>
    </Filter>
  </ItemGroup>
  <ItemGroup>
    <ClCompile Include="AssemblyInfo.cpp">
      <Filter>Source Files</Filter>
    </ClCompile>
    <ClCompile Include="stdafx.cpp">
      <Filter>Source Files</Filter>
    </ClCompile>
    <ClCompile Include="FileEngine.cpp">
      <Filter>Source Files</Filter>
    </ClCompile>
    <ClCompile Include="Identity.cpp">
      <Filter>Source Files</Filter>
    </ClCompile>
    <ClCompile Include="AuthDelegate.cpp">
      <Filter>Source Files</Filter>
    </ClCompile>
    <ClCompile Include="ApplicationInfo.cpp">
      <Filter>Source Files</Filter>
    </ClCompile>
    <ClCompile Include="FileProfile.cpp">
      <Filter>Source Files</Filter>
    </ClCompile>
    <ClCompile Include="FileProfileObserverImpl.cpp">
      <Filter>Source Files</Filter>
    </ClCompile>
    <ClCompile Include="LateValue.cpp">
      <Filter>Source Files</Filter>
    </ClCompile>
    <ClCompile Include="Label.cpp">
      <Filter>Source Files</Filter>
    </ClCompile>
    <ClCompile Include="FileHandler.cpp">
      <Filter>Source Files</Filter>
    </ClCompile>
    <ClCompile Include="FileHandlerObserverImpl.cpp">
      <Filter>Source Files</Filter>
    </ClCompile>
    <ClCompile Include="ContentLabel.cpp">
      <Filter>Source Files</Filter>
    </ClCompile>
    <ClCompile Include="StreamWrapper.cpp">
      <Filter>Source Files</Filter>
    </ClCompile>
    <ClCompile Include="LabelingOptions.cpp">
      <Filter>Source Files</Filter>
    </ClCompile>
    <ClCompile Include="UserPolicy.cpp">
      <Filter>Source Files</Filter>
    </ClCompile>
    <ClCompile Include="PolicyDescriptor.cpp">
      <Filter>Source Files</Filter>
    </ClCompile>
    <ClCompile Include="TemplateDescriptor.cpp">
      <Filter>Source Files</Filter>
    </ClCompile>
    <ClCompile Include="LateAction.cpp">
      <Filter>Source Files</Filter>
    </ClCompile>
    <ClCompile Include="UserRoles.cpp">
      <Filter>Source Files</Filter>
    </ClCompile>
    <ClCompile Include="UserRights.cpp">
      <Filter>Source Files</Filter>
    </ClCompile>
  </ItemGroup>
  <ItemGroup>
    <ClInclude Include="FileEngine.h">
      <Filter>Header Files</Filter>
    </ClInclude>
    <ClInclude Include="Converters.h">
      <Filter>Header Files</Filter>
    </ClInclude>
    <ClInclude Include="ManagedObject.h">
      <Filter>Header Files</Filter>
    </ClInclude>
    <ClInclude Include="stdafx.h">
      <Filter>Header Files</Filter>
    </ClInclude>
    <ClInclude Include="Pair.h">
      <Filter>Header Files</Filter>
    </ClInclude>
    <ClInclude Include="Identity.h">
      <Filter>Header Files</Filter>
    </ClInclude>
    <ClInclude Include="AuthDelegate.h">
      <Filter>Header Files</Filter>
    </ClInclude>
    <ClInclude Include="ApplicationInfo.h">
      <Filter>Header Files</Filter>
    </ClInclude>
    <ClInclude Include="FileProfile.h">
      <Filter>Header Files</Filter>
    </ClInclude>
    <ClInclude Include="FileProfileObserverImpl.h">
      <Filter>Header Files</Filter>
    </ClInclude>
    <ClInclude Include="LateValue.h">
      <Filter>Header Files</Filter>
    </ClInclude>
    <ClInclude Include="UnmanagedObject.h">
      <Filter>Header Files</Filter>
    </ClInclude>
    <ClInclude Include="Label.h">
      <Filter>Header Files</Filter>
    </ClInclude>
    <ClInclude Include="FileHandler.h">
      <Filter>Header Files</Filter>
    </ClInclude>
    <ClInclude Include="FileHandlerObserverImpl.h">
      <Filter>Header Files</Filter>
    </ClInclude>
    <ClInclude Include="ContentLabel.h">
      <Filter>Header Files</Filter>
    </ClInclude>
    <ClInclude Include="ExceptionHelper.h">
      <Filter>Header Files</Filter>
    </ClInclude>
    <ClInclude Include="StreamWrapper.h">
      <Filter>Header Files</Filter>
    </ClInclude>
    <ClInclude Include="LabelingOptions.h">
      <Filter>Header Files</Filter>
    </ClInclude>
    <ClInclude Include="AssignmentMethod.h">
      <Filter>Header Files</Filter>
    </ClInclude>
    <ClInclude Include="UserPolicy.h">
      <Filter>Header Files</Filter>
    </ClInclude>
    <ClInclude Include="UserPolicyType.h">
      <Filter>Header Files</Filter>
    </ClInclude>
    <ClInclude Include="PolicyDescriptor.h">
      <Filter>Header Files</Filter>
    </ClInclude>
    <ClInclude Include="TemplateDescriptor.h">
      <Filter>Header Files</Filter>
    </ClInclude>
    <ClInclude Include="LateAction.h">
      <Filter>Header Files</Filter>
    </ClInclude>
    <ClInclude Include="UserRoles.h">
      <Filter>Header Files</Filter>
    </ClInclude>
    <ClInclude Include="UserRights.h">
      <Filter>Header Files</Filter>
    </ClInclude>
  </ItemGroup>
  <ItemGroup>
    <Library Include="mip_file_sdk.lib" />
    <Library Include="mip_rms_sdk.lib" />
    <Library Include="mip_upe_sdk.lib" />
  </ItemGroup>
</Project>